{
  "name": "startupos",
  "version": "0.1.0",
  "lockfileVersion": 3,
  "requires": true,
  "packages": {
    "": {
      "name": "startupos",
      "version": "0.1.0",
      "dependencies": {
        "@google/genai": "^2.8.0",
        "@google/generative-ai": "^0.24.1",
        "@supabase/ssr": "^0.12.0",
        "@supabase/supabase-js": "^2.110.0",
        "@upstash/ratelimit": "^2.0.8",
        "@upstash/redis": "^1.38.2",
        "dotenv": "^17.4.2",
        "framer-motion": "^12.43.0",
        "next": "16.2.9",
        "react": "19.2.4",
        "react-dom": "19.2.4"
      },
      "devDependencies": {
        "@tailwindcss/postcss": "^4",
        "@types/node": "^20",
        "@types/react": "^19",
        "@types/react-dom": "^19",
        "eslint": "^9",
        "eslint-config-next": "16.2.9",
        "tailwindcss": "^4",
        "typescript": "^5",
        "vitest": "^4.1.10"
      }
    },
    "node_modules/@alloc/quick-lru": {
      "version": "5.2.0",
      "resolved": "https://registry.npmjs.org/@alloc/quick-lru/-/quick-lru-5.2.0.tgz",
      "integrity": "sha512-UrcABB+4bUrFABwbluTIBErXwvbsU/V7TZWfmbgJfbkwiBuziS9gxdODUyuiecfdGQ85jglMW6juS3+z5TsKLw==",
      "dev": true,
      "license": "MIT",
      "engines": {
        "node": ">=10"
      },
      "funding": {
        "url": "https://github.com/sponsors/sindresorhus"
      }
    },
    "node_modules/@emnapi/core": {
      "version": "1.11.3",
      "resolved": "https://registry.npmjs.org/@emnapi/core/-/core-1.11.3.tgz",
      "integrity": "sha512-7tWCJmj7x5HE3RgFCY2DIkNHJZwpPnLvO79kzrTzh0bk/8FGFbnFTxMVA8YfPkPFBOJhGvKZdCG+3S7f8sNE3A==",
      "license": "MIT",
      "optional": true,
      "dependencies": {
        "@emnapi/runtime": "^1.11.0"
      }
    },
    "node_modules/@emnapi/runtime": {
      "version": "1.11.3",
      "resolved": "https://registry.npmjs.org/@emnapi/runtime/-/runtime-1.11.3.tgz",
      "integrity": "sha512-i2K5dKxFLUTVBXvByhVpYyMgxPt3gPVp3FG7fXZjVqmfIBXcYLj2KHbHY8UNSCzKYn8lXK7pVEVVxCrLwSQ5FQ==",
      "license": "MIT",
      "optional": true
    },
    "node_modules/@emnapi/wasi-threads": {
      "version": "1.2.3",
      "resolved": "https://registry.npmjs.org/@emnapi/wasi-threads/-/wasi-threads-1.2.3.tgz",
      "integrity": "sha512-ELEBe8PsLvvJ6QMr0zLt8ffvOHW/dc1m3CEzNMg7aJUv3bMaoDtw2TXyDAwkYBuroxxuHEwhRTLJSe5sya547g==",
      "dev": true,
      "license": "MIT",
      "optional": true,
      "dependencies": {
        "tslib": "^2.4.0"
      }
    }
  }
}
